
Microsoft Visual Studio Solution File, Format Version 12.00
# Visual Studio Version 17
VisualStudioVersion = 17.4.33110.190
MinimumVisualStudioVersion = 10.0.40219.1
Project("{9A19103F-16F7-4668-BE54-9A1E7A4F7556}") = "AnimalFarm", "AnimalFarm\AnimalFarm.csproj", "{76BD89CC-6461-4D7D-A58F-16ACD909B950}"
EndProject
Global
	GlobalSection(SolutionConfigurationPlatforms) = preSolution
		Debug|Any CPU = Debug|Any CPU
		Release|Any CPU = Release|Any CPU
	EndGlobalSection
	GlobalSection(ProjectConfigurationPlatforms) = postSolution
		{76BD89CC-6461-4D7D-A58F-16ACD909B950}.Debug|Any CPU.ActiveCfg = Debug|Any CPU
		{76BD89CC-6461-4D7D-A58F-16ACD909B950}.Debug|Any CPU.Build.0 = Debug|Any CPU
		{76BD89CC-6461-4D7D-A58F-16ACD909B950}.Release|Any CPU.ActiveCfg = Release|Any CPU
		{76BD89CC-6461-4D7D-A58F-16ACD909B950}.Release|Any CPU.Build.0 = Release|Any CPU
	EndGlobalSection
	GlobalSection(SolutionProperties) = preSolution
		HideSolutionNode = FALSE
	EndGlobalSection
	GlobalSection(ExtensibilityGlobals) = postSolution
		SolutionGuid = {C1ACEAD1-9607-49AD-A06A-08E4DC2F55F1}
	EndGlobalSection
EndGlobal
